
Microsoft Visual Studio Solution File, Format Version 12.00
# Visual Studio 15
VisualStudioVersion = 15.0.27703.2042
MinimumVisualStudioVersion = 10.0.40219.1
Project("{FAE04EC0-301F-11D3-BF4B-00C04F79EFBC}") = "BDDSample.specs", "BDDSample.specs\BDDSample.specs.csproj", "{EFD09856-FF8E-405A-98E0-CDF583E3C36E}"
EndProject
Global
	GlobalSection(SolutionConfigurationPlatforms) = preSolution
		Debug|Any CPU = Debug|Any CPU
		Release|Any CPU = Release|Any CPU
	EndGlobalSection
	GlobalSection(ProjectConfigurationPlatforms) = postSolution
		{EFD09856-FF8E-405A-98E0-CDF583E3C36E}.Debug|Any CPU.ActiveCfg = Debug|Any CPU
		{EFD09856-FF8E-405A-98E0-CDF583E3C36E}.Debug|Any CPU.Build.0 = Debug|Any CPU
		{EFD09856-FF8E-405A-98E0-CDF583E3C36E}.Release|Any CPU.ActiveCfg = Release|Any CPU
		{EFD09856-FF8E-405A-98E0-CDF583E3C36E}.Release|Any CPU.Build.0 = Release|Any CPU
	EndGlobalSection
	GlobalSection(SolutionProperties) = preSolution
		HideSolutionNode = FALSE
	EndGlobalSection
	GlobalSection(ExtensibilityGlobals) = postSolution
		SolutionGuid = {0EF0D6F3-F664-4DC8-8F06-E2ECD5627F9A}
	EndGlobalSection
EndGlobal
